
Microsoft Visual Studio Solution File, Format Version 12.00
# Visual Studio Version 17
VisualStudioVersion = 17.2.32519.379
MinimumVisualStudioVersion = 10.0.40219.1
Project("{FAE04EC0-301F-11D3-BF4B-00C04F79EFBC}") = "WindowsFormsApp", "WindowsFormsApp\WindowsFormsApp.csproj", "{45AB2073-E745-4ABD-A64A-E916BE1463BE}"
EndProject
Project("{FAE04EC0-301F-11D3-BF4B-00C04F79EFBC}") = "RwaLib", "RwaLib\RwaLib.csproj", "{B2F8CD64-51A6-4E70-A1C3-C40940C1BFCC}"
EndProject
Project("{FAE04EC0-301F-11D3-BF4B-00C04F79EFBC}") = "WPF", "WPF\WPF.csproj", "{4845E97D-43FF-4897-9B73-BA0671D7B6A0}"
EndProject
Global
	GlobalSection(SolutionConfigurationPlatforms) = preSolution
		Debug|Any CPU = Debug|Any CPU
		Release|Any CPU = Release|Any CPU
	EndGlobalSection
	GlobalSection(ProjectConfigurationPlatforms) = postSolution
		{45AB2073-E745-4ABD-A64A-E916BE1463BE}.Debug|Any CPU.ActiveCfg = Debug|Any CPU
		{45AB2073-E745-4ABD-A64A-E916BE1463BE}.Debug|Any CPU.Build.0 = Debug|Any CPU
		{45AB2073-E745-4ABD-A64A-E916BE1463BE}.Release|Any CPU.ActiveCfg = Release|Any CPU
		{45AB2073-E745-4ABD-A64A-E916BE1463BE}.Release|Any CPU.Build.0 = Release|Any CPU
		{B2F8CD64-51A6-4E70-A1C3-C40940C1BFCC}.Debug|Any CPU.ActiveCfg = Debug|Any CPU
		{B2F8CD64-51A6-4E70-A1C3-C40940C1BFCC}.Debug|Any CPU.Build.0 = Debug|Any CPU
		{B2F8CD64-51A6-4E70-A1C3-C40940C1BFCC}.Release|Any CPU.ActiveCfg = Release|Any CPU
		{B2F8CD64-51A6-4E70-A1C3-C40940C1BFCC}.Release|Any CPU.Build.0 = Release|Any CPU
		{4845E97D-43FF-4897-9B73-BA0671D7B6A0}.Debug|Any CPU.ActiveCfg = Debug|Any CPU
		{4845E97D-43FF-4897-9B73-BA0671D7B6A0}.Debug|Any CPU.Build.0 = Debug|Any CPU
		{4845E97D-43FF-4897-9B73-BA0671D7B6A0}.Release|Any CPU.ActiveCfg = Release|Any CPU
		{4845E97D-43FF-4897-9B73-BA0671D7B6A0}.Release|Any CPU.Build.0 = Release|Any CPU
	EndGlobalSection
	GlobalSection(SolutionProperties) = preSolution
		HideSolutionNode = FALSE
	EndGlobalSection
	GlobalSection(ExtensibilityGlobals) = postSolution
		SolutionGuid = {947ACCE3-D3AF-446D-9FE9-7A3A8D641746}
	EndGlobalSection
EndGlobal
